// !$*UTF8*$!
{
	archiveVersion = 1;
	classes = {
	};
	objectVersion = 77;
	objects = {

/* Begin PBXContainerItemProxy section */
		E6513DE02D9ACB260030218E /* PBXContainerItemProxy */ = {
			isa = PBXContainerItemProxy;
			containerPortal = E6513DBE2D9ACB240030218E /* Project object */;
			proxyType = 1;
			remoteGlobalIDString = E6513DC52D9ACB240030218E;
			remoteInfo = NextDayTaskApp;
		};
		E6513DEA2D9ACB260030218E /* PBXContainerItemProxy */ = {
			isa = PBXContainerItemProxy;
			containerPortal = E6513DBE2D9ACB240030218E /* Project object */;
			proxyType = 1;
			remoteGlobalIDString = E6513DC52D9ACB240030218E;
			remoteInfo = NextDayTaskApp;
		};
/* End PBXContainerItemProxy section */

/* Begin PBXFileReference section */
		E6513DC62D9ACB240030218E /* NextDayTaskApp.app */ = {isa = PBXFileReference; explicitFileType = wrapper.application; includeInIndex = 0; path = NextDayTaskApp.app; sourceTree = BUILT_PRODUCTS_DIR; };
		E6513DDF2D9ACB260030218E /* NextDayTaskAppTests.xctest */ = {isa = PBXFileReference; explicitFileType = wrapper.cfbundle; includeInIndex = 0; path = NextDayTaskAppTests.xctest; sourceTree = BUILT_PRODUCTS_DIR; };
		E6513DE92D9ACB260030218E /* NextDayTaskAppUITests.xctest */ = {isa = PBXFileReference; explicitFileType = wrapper.cfbundle; includeInIndex = 0; path = NextDayTaskAppUITests.xctest; sourceTree = BUILT_PRODUCTS_DIR; };
/* End PBXFileReference section */

/* Begin PBXFileSystemSynchronizedBuildFileExceptionSet section */
		E6513DF12D9ACB260030218E /* Exceptions for "NextDayTaskApp" folder in "NextDayTaskApp" target */ = {
			isa = PBXFileSystemSynchronizedBuildFileExceptionSet;
			membershipExceptions = (
				Info.plist,
			);
			target = E6513DC52D9ACB240030218E /* NextDayTaskApp */;
		};
/* End PBXFileSystemSynchronizedBuildFileExceptionSet section */

/* Begin PBXFileSystemSynchronizedRootGroup section */
		E6513DC82D9ACB240030218E /* NextDayTaskApp */ = {
			isa = PBXFileSystemSynchronizedRootGroup;
			exceptions = (
				E6513DF12D9ACB260030218E /* Exceptions for "NextDayTaskApp" folder in "NextDayTaskApp" target */,
			);
			path = NextDayTaskApp;
			sourceTree = "<group>";
		};
		E6513DE22D9ACB260030218E /* NextDayTaskAppTests */ = {
			isa = PBXFileSystemSynchronizedRootGroup;
			path = NextDayTaskAppTests;
			sourceTree = "<group>";
		};
		E6513DEC2D9ACB260030218E /* NextDayTaskAppUITests */ = {
			isa = PBXFileSystemSynchronizedRootGroup;
			path = NextDayTaskAppUITests;
			sourceTree = "<group>";
		};
/* End PBXFileSystemSynchronizedRootGroup section */

/* Begin PBXFrameworksBuildPhase section */
		E6513DC32D9ACB240030218E /* Frameworks */ = {
			isa = PBXFrameworksBuildPhase;
			buildActionMask = 2147483647;
			files = (
			);
			runOnlyForDeploymentPostprocessing = 0;
		};
		E6513DDC2D9ACB260030218E /* Frameworks */ = {
			isa = PBXFrameworksBuildPhase;
			buildActionMask = 2147483647;
			files = (
			);
			runOnlyForDeploymentPostprocessing = 0;
		};
		E6513DE62D9ACB260030218E /* Frameworks */ = {
			isa = PBXFrameworksBuildPhase;
			buildActionMask = 2147483647;
			files = (
			);
			runOnlyForDeploymentPostprocessing = 0;
		};
/* End PBXFrameworksBuildPhase section */

/* Begin PBXGroup section */
		E6513DBD2D9ACB240030218E = {
			isa = PBXGroup;
			children = (
				E6513DC82D9ACB240030218E /* NextDayTaskApp */,
				E6513DE22D9ACB260030218E /* NextDayTaskAppTests */,
				E6513DEC2D9ACB260030218E /* NextDayTaskAppUITests */,
				E6513DC72D9ACB240030218E /* Products */,
			);
			sourceTree = "<group>";
		};
		E6513DC72D9ACB240030218E /* Products */ = {
			isa = PBXGroup;
			children = (
				E6513DC62D9ACB240030218E /* NextDayTaskApp.app */,
				E6513DDF2D9ACB260030218E /* NextDayTaskAppTests.xctest */,
				E6513DE92D9ACB260030218E /* NextDayTaskAppUITests.xctest */,
			);
			name = Products;
			sourceTree = "<group>";
		};
/* End PBXGroup section */

/* Begin PBXNativeTarget section */
		E6513DC52D9ACB240030218E /* NextDayTaskApp */ = {
			isa = PBXNativeTarget;
			buildConfigurationList = E6513DF22D9ACB260030218E /* Build configuration list for PBXNativeTarget "NextDayTaskApp" */;
			buildPhases = (
				E6513DC22D9ACB240030218E /* Sources */,
				E6513DC32D9ACB240030218E /* Frameworks */,
				E6513DC42D9ACB240030218E /* Resources */,
			);
			buildRules = (
			);
			dependencies = (
			);
			fileSystemSynchronizedGroups = (
				E6513DC82D9ACB240030218E /* NextDayTaskApp */,
			);
			name = NextDayTaskApp;
			packageProductDependencies = (
			);
			productName = NextDayTaskApp;
			productReference = E6513DC62D9ACB240030218E /* NextDayTaskApp.app */;
			productType = "com.apple.product-type.application";
		};
		E6513DDE2D9ACB260030218E /* NextDayTaskAppTests */ = {
			isa = PBXNativeTarget;
			buildConfigurationList = E6513DF72D9ACB260030218E /* Build configuration list for PBXNativeTarget "NextDayTaskAppTests" */;
			buildPhases = (
				E6513DDB2D9ACB260030218E /* Sources */,
				E6513DDC2D9ACB260030218E /* Frameworks */,
				E6513DDD2D9ACB260030218E /* Resources */,
			);
			buildRules = (
			);
			dependencies = (
				E6513DE12D9ACB260030218E /* PBXTargetDependency */,
			);
			fileSystemSynchronizedGroups = (
				E6513DE22D9ACB260030218E /* NextDayTaskAppTests */,
			);
			name = NextDayTaskAppTests;
			packageProductDependencies = (
			);
			productName = NextDayTaskAppTests;
			productReference = E6513DDF2D9ACB260030218E /* NextDayTaskAppTests.xctest */;
			productType = "com.apple.product-type.bundle.unit-test";
		};
		E6513DE82D9ACB260030218E /* NextDayTaskAppUITests */ = {
			isa = PBXNativeTarget;
			buildConfigurationList = E6513DFA2D9ACB260030218E /* Build configuration list for PBXNativeTarget "NextDayTaskAppUITests" */;
			buildPhases = (
				E6513DE52D9ACB260030218E /* Sources */,
				E6513DE62D9ACB260030218E /* Frameworks */,
				E6513DE72D9ACB260030218E /* Resources */,
			);
			buildRules = (
			);
			dependencies = (
				E6513DEB2D9ACB260030218E /* PBXTargetDependency */,
			);
			fileSystemSynchronizedGroups = (
				E6513DEC2D9ACB260030218E /* NextDayTaskAppUITests */,
			);
			name = NextDayTaskAppUITests;
			packageProductDependencies = (
			);
			productName = NextDayTaskAppUITests;
			productReference = E6513DE92D9ACB260030218E /* NextDayTaskAppUITests.xctest */;
			productType = "com.apple.product-type.bundle.ui-testing";
		};
/* End PBXNativeTarget section */

/* Begin PBXProject section */
		E6513DBE2D9ACB240030218E /* Project object */ = {
			isa = PBXProject;
			attributes = {
				BuildIndependentTargetsInParallel = 1;
				LastSwiftUpdateCheck = 1620;
				LastUpgradeCheck = 1620;
				TargetAttributes = {
					E6513DC52D9ACB240030218E = {
						CreatedOnToolsVersion = 16.2;
					};
					E6513DDE2D9ACB260030218E = {
						CreatedOnToolsVersion = 16.2;
						TestTargetID = E6513DC52D9ACB240030218E;
					};
					E6513DE82D9ACB260030218E = {
						CreatedOnToolsVersion = 16.2;
						TestTargetID = E6513DC52D9ACB240030218E;
					};
				};
			};
			buildConfigurationList = E6513DC12D9ACB240030218E /* Build configuration list for PBXProject "NextDayTaskApp" */;
			developmentRegion = en;
			hasScannedForEncodings = 0;
			knownRegions = (
				en,
				Base,
			);
			mainGroup = E6513DBD2D9ACB240030218E;
			minimizedProjectReferenceProxies = 1;
			preferredProjectObjectVersion = 77;
			productRefGroup = E6513DC72D9ACB240030218E /* Products */;
			projectDirPath = "";
			projectRoot = "";
			targets = (
				E6513DC52D9ACB240030218E /* NextDayTaskApp */,
				E6513DDE2D9ACB260030218E /* NextDayTaskAppTests */,
				E6513DE82D9ACB260030218E /* NextDayTaskAppUITests */,
			);
		};
/* End PBXProject section */

/* Begin PBXResourcesBuildPhase section */
		E6513DC42D9ACB240030218E /* Resources */ = {
			isa = PBXResourcesBuildPhase;
			buildActionMask = 2147483647;
			files = (
			);
			runOnlyForDeploymentPostprocessing = 0;
		};
		E6513DDD2D9ACB260030218E /* Resources */ = {
			isa = PBXResourcesBuildPhase;
			buildActionMask = 2147483647;
			files = (
			);
			runOnlyForDeploymentPostprocessing = 0;
		};
		E6513DE72D9ACB260030218E /* Resources */ = {
			isa = PBXResourcesBuildPhase;
			buildActionMask = 2147483647;
			files = (
			);
			runOnlyForDeploymentPostprocessing = 0;
		};
/* End PBXResourcesBuildPhase section */

/* Begin PBXSourcesBuildPhase section */
		E6513DC22D9ACB240030218E /* Sources */ = {
			isa = PBXSourcesBuildPhase;
			buildActionMask = 2147483647;
			files = (
			);
			runOnlyForDeploymentPostprocessing = 0;
		};
		E6513DDB2D9ACB260030218E /* Sources */ = {
			isa = PBXSourcesBuildPhase;
			buildActionMask = 2147483647;
			files = (
			);
			runOnlyForDeploymentPostprocessing = 0;
		};
		E6513DE52D9ACB260030218E /* Sources */ = {
			isa = PBXSourcesBuildPhase;
			buildActionMask = 2147483647;
			files = (
			);
			runOnlyForDeploymentPostprocessing = 0;
		};
/* End PBXSourcesBuildPhase section */

/* Begin PBXTargetDependency section */
		E6513DE12D9ACB260030218E /* PBXTargetDependency */ = {
			isa = PBXTargetDependency;
			target = E6513DC52D9ACB240030218E /* NextDayTaskApp */;
			targetProxy = E6513DE02D9ACB260030218E /* PBXContainerItemProxy */;
		};
		E6513DEB2D9ACB260030218E /* PBXTargetDependency */ = {
			isa = PBXTargetDependency;
			target = E6513DC52D9ACB240030218E /* NextDayTaskApp */;
			targetProxy = E6513DEA2D9ACB260030218E /* PBXContainerItemProxy */;
		};
/* End PBXTargetDependency section */

/* Begin XCBuildConfiguration section */
		E6513DF32D9ACB260030218E /* Debug */ = {
			isa = XCBuildConfiguration;
			buildSettings = {
				ASSETCATALOG_COMPILER_APPICON_NAME = AppIcon;
				ASSETCATALOG_COMPILER_GLOBAL_ACCENT_COLOR_NAME = AccentColor;
				CODE_SIGN_STYLE = Automatic;
				CURRENT_PROJECT_VERSION = 1;
				GENERATE_INFOPLIST_FILE = YES;
				INFOPLIST_FILE = NextDayTaskApp/Info.plist;
				INFOPLIST_KEY_UIApplicationSupportsIndirectInputEvents = YES;
				INFOPLIST_KEY_UILaunchStoryboardName = LaunchScreen;
				INFOPLIST_KEY_UIMainStoryboardFile = Main;
				INFOPLIST_KEY_UISupportedInterfaceOrientations_iPad = "UIInterfaceOrientationPortrait UIInterfaceOrientationPortraitUpsideDown UIInterfaceOrientationLandscapeLeft UIInterfaceOrientationLandscapeRight";
				INFOPLIST_KEY_UISupportedInterfaceOrientations_iPhone = "UIInterfaceOrientationPortrait UIInterfaceOrientationLandscapeLeft UIInterfaceOrientationLandscapeRight";
				LD_RUNPATH_SEARCH_PATHS = (
					"$(inherited)",
					"@executable_path/Frameworks",
				);
				MARKETING_VERSION = 1.0;
				PRODUCT_BUNDLE_IDENTIFIER = modi.NextDayTaskApp;
				PRODUCT_NAME = "$(TARGET_NAME)";
				SWIFT_EMIT_LOC_STRINGS = YES;
				SWIFT_VERSION = 5.0;
				TARGETED_DEVICE_FAMILY = "1,2";
			};
			name = Debug;
		};
		E6513DF42D9ACB260030218E /* Release */ = {
			isa = XCBuildConfiguration;
			buildSettings = {
				ASSETCATALOG_COMPILER_APPICON_NAME = AppIcon;
				ASSETCATALOG_COMPILER_GLOBAL_ACCENT_COLOR_NAME = AccentColor;
				CODE_SIGN_STYLE = Automatic;
				CURRENT_PROJECT_VERSION = 1;
				GENERATE_INFOPLIST_FILE = YES;
				INFOPLIST_FILE = NextDayTaskApp/Info.plist;
				INFOPLIST_KEY_UIApplicationSupportsIndirectInputEvents = YES;
				INFOPLIST_KEY_UILaunchStoryboardName = LaunchScreen;
				INFOPLIST_KEY_UIMainStoryboardFile = Main;
				INFOPLIST_KEY_UISupportedInterfaceOrientations_iPad = "UIInterfaceOrientationPortrait UIInterfaceOrientationPortraitUpsideDown UIInterfaceOrientationLandscapeLeft UIInterfaceOrientationLandscapeRight";
				INFOPLIST_KEY_UISupportedInterfaceOrientations_iPhone = "UIInterfaceOrientationPortrait UIInterfaceOrientationLandscapeLeft UIInterfaceOrientationLandscapeRight";
				LD_RUNPATH_SEARCH_PATHS = (
					"$(inherited)",
					"@executable_path/Frameworks",
				);
				MARKETING_VERSION = 1.0;
				PRODUCT_BUNDLE_IDENTIFIER = modi.NextDayTaskApp;
				PRODUCT_NAME = "$(TARGET_NAME)";
				SWIFT_EMIT_LOC_STRINGS = YES;
				SWIFT_VERSION = 5.0;
				TARGETED_DEVICE_FAMILY = "1,2";
			};
			name = Release;
		};
		E6513DF52D9ACB260030218E /* Debug */ = {
			isa = XCBuildConfiguration;
			buildSettings = {
				ALWAYS_SEARCH_USER_PATHS = NO;
				ASSETCATALOG_COMPILER_GENERATE_SWIFT_ASSET_SYMBOL_EXTENSIONS = YES;
				CLANG_ANALYZER_NONNULL = YES;
				CLANG_ANALYZER_NUMBER_OBJECT_CONVERSION = YES_AGGRESSIVE;
				CLANG_CXX_LANGUAGE_STANDARD = "gnu++20";
				CLANG_ENABLE_MODULES = YES;
				CLANG_ENABLE_OBJC_ARC = YES;
				CLANG_ENABLE_OBJC_WEAK = YES;
				CLANG_WARN_BLOCK_CAPTURE_AUTORELEASING = YES;
				CLANG_WARN_BOOL_CONVERSION = YES;
				CLANG_WARN_COMMA = YES;
				CLANG_WARN_CONSTANT_CONVERSION = YES;
				CLANG_WARN_DEPRECATED_OBJC_IMPLEMENTATIONS = YES;
				CLANG_WARN_DIRECT_OBJC_ISA_USAGE = YES_ERROR;
				CLANG_WARN_DOCUMENTATION_COMMENTS = YES;
				CLANG_WARN_EMPTY_BODY = YES;
				CLANG_WARN_ENUM_CONVERSION = YES;
				CLANG_WARN_INFINITE_RECURSION = YES;
				CLANG_WARN_INT_CONVERSION = YES;
				CLANG_WARN_NON_LITERAL_NULL_CONVERSION = YES;
				CLANG_WARN_OBJC_IMPLICIT_RETAIN_SELF = YES;
				CLANG_WARN_OBJC_LITERAL_CONVERSION = YES;
				CLANG_WARN_OBJC_ROOT_CLASS = YES_ERROR;
				CLANG_WARN_QUOTED_INCLUDE_IN_FRAMEWORK_HEADER = YES;
				CLANG_WARN_RANGE_LOOP_ANALYSIS = YES;
				CLANG_WARN_STRICT_PROTOTYPES = YES;
				CLANG_WARN_SUSPICIOUS_MOVE = YES;
				CLANG_WARN_UNGUARDED_AVAILABILITY = YES_AGGRESSIVE;
				CLANG_WARN_UNREACHABLE_CODE = YES;
				CLANG_WARN__DUPLICATE_METHOD_MATCH = YES;
				COPY_PHASE_STRIP = NO;
				DEBUG_INFORMATION_FORMAT = dwarf;
				ENABLE_STRICT_OBJC_MSGSEND = YES;
				ENABLE_TESTABILITY = YES;
				ENABLE_USER_SCRIPT_SANDBOXING = YES;
				GCC_C_LANGUAGE_STANDARD = gnu17;
				GCC_DYNAMIC_NO_PIC = NO;
				GCC_NO_COMMON_BLOCKS = YES;
				GCC_OPTIMIZATION_LEVEL = 0;
				GCC_PREPROCESSOR_DEFINITIONS = (
					"DEBUG=1",
					"$(inherited)",
				);
				GCC_WARN_64_TO_32_BIT_CONVERSION = YES;
				GCC_WARN_ABOUT_RETURN_TYPE = YES_ERROR;
				GCC_WARN_UNDECLARED_SELECTOR = YES;
				GCC_WARN_UNINITIALIZED_AUTOS = YES_AGGRESSIVE;
				GCC_WARN_UNUSED_FUNCTION = YES;
				GCC_WARN_UNUSED_VARIABLE = YES;
				IPHONEOS_DEPLOYMENT_TARGET = 18.2;
				LOCALIZATION_PREFERS_STRING_CATALOGS = YES;
				MTL_ENABLE_DEBUG_INFO = INCLUDE_SOURCE;
				MTL_FAST_MATH = YES;
				ONLY_ACTIVE_ARCH = YES;
				SDKROOT = iphoneos;
				SWIFT_ACTIVE_COMPILATION_CONDITIONS = "DEBUG $(inherited)";
				SWIFT_OPTIMIZATION_LEVEL = "-Onone";
			};
			name = Debug;
		};
		E6513DF62D9ACB260030218E /* Release */ = {
			isa = XCBuildConfiguration;
			buildSettings = {
				ALWAYS_SEARCH_USER_PATHS = NO;
				ASSETCATALOG_COMPILER_GENERATE_SWIFT_ASSET_SYMBOL_EXTENSIONS = YES;
				CLANG_ANALYZER_NONNULL = YES;
				CLANG_ANALYZER_NUMBER_OBJECT_CONVERSION = YES_AGGRESSIVE;
				CLANG_CXX_LANGUAGE_STANDARD = "gnu++20";
				CLANG_ENABLE_MODULES = YES;
				CLANG_ENABLE_OBJC_ARC = YES;
				CLANG_ENABLE_OBJC_WEAK = YES;
				CLANG_WARN_BLOCK_CAPTURE_AUTORELEASING = YES;
				CLANG_WARN_BOOL_CONVERSION = YES;
				CLANG_WARN_COMMA = YES;
				CLANG_WARN_CONSTANT_CONVERSION = YES;
				CLANG_WARN_DEPRECATED_OBJC_IMPLEMENTATIONS = YES;
				CLANG_WARN_DIRECT_OBJC_ISA_USAGE = YES_ERROR;
				CLANG_WARN_DOCUMENTATION_COMMENTS = YES;
				CLANG_WARN_EMPTY_BODY = YES;
				CLANG_WARN_ENUM_CONVERSION = YES;
				CLANG_WARN_INFINITE_RECURSION = YES;
				CLANG_WARN_INT_CONVERSION = YES;
				CLANG_WARN_NON_LITERAL_NULL_CONVERSION = YES;
				CLANG_WARN_OBJC_IMPLICIT_RETAIN_SELF = YES;
				CLANG_WARN_OBJC_LITERAL_CONVERSION = YES;
				CLANG_WARN_OBJC_ROOT_CLASS = YES_ERROR;
				CLANG_WARN_QUOTED_INCLUDE_IN_FRAMEWORK_HEADER = YES;
				CLANG_WARN_RANGE_LOOP_ANALYSIS = YES;
				CLANG_WARN_STRICT_PROTOTYPES = YES;
				CLANG_WARN_SUSPICIOUS_MOVE = YES;
				CLANG_WARN_UNGUARDED_AVAILABILITY = YES_AGGRESSIVE;
				CLANG_WARN_UNREACHABLE_CODE = YES;
				CLANG_WARN__DUPLICATE_METHOD_MATCH = YES;
				COPY_PHASE_STRIP = NO;
				DEBUG_INFORMATION_FORMAT = "dwarf-with-dsym";
				ENABLE_NS_ASSERTIONS = NO;
				ENABLE_STRICT_OBJC_MSGSEND = YES;
				ENABLE_USER_SCRIPT_SANDBOXING = YES;
				GCC_C_LANGUAGE_STANDARD = gnu17;
				GCC_NO_COMMON_BLOCKS = YES;
				GCC_WARN_64_TO_32_BIT_CONVERSION = YES;
				GCC_WARN_ABOUT_RETURN_TYPE = YES_ERROR;
				GCC_WARN_UNDECLARED_SELECTOR = YES;
				GCC_WARN_UNINITIALIZED_AUTOS = YES_AGGRESSIVE;
				GCC_WARN_UNUSED_FUNCTION = YES;
				GCC_WARN_UNUSED_VARIABLE = YES;
				IPHONEOS_DEPLOYMENT_TARGET = 18.2;
				LOCALIZATION_PREFERS_STRING_CATALOGS = YES;
				MTL_ENABLE_DEBUG_INFO = NO;
				MTL_FAST_MATH = YES;
				SDKROOT = iphoneos;
				SWIFT_COMPILATION_MODE = wholemodule;
				VALIDATE_PRODUCT = YES;
			};
			name = Release;
		};
		E6513DF82D9ACB260030218E /* Debug */ = {
			isa = XCBuildConfiguration;
			buildSettings = {
				BUNDLE_LOADER = "$(TEST_HOST)";
				CODE_SIGN_STYLE = Automatic;
				CURRENT_PROJECT_VERSION = 1;
				GENERATE_INFOPLIST_FILE = YES;
				IPHONEOS_DEPLOYMENT_TARGET = 18.2;
				MARKETING_VERSION = 1.0;
				PRODUCT_BUNDLE_IDENTIFIER = modi.NextDayTaskAppTests;
				PRODUCT_NAME = "$(TARGET_NAME)";
				SWIFT_EMIT_LOC_STRINGS = NO;
				SWIFT_VERSION = 5.0;
				TARGETED_DEVICE_FAMILY = "1,2";
				TEST_HOST = "$(BUILT_PRODUCTS_DIR)/NextDayTaskApp.app/$(BUNDLE_EXECUTABLE_FOLDER_PATH)/NextDayTaskApp";
			};
			name = Debug;
		};
		E6513DF92D9ACB260030218E /* Release */ = {
			isa = XCBuildConfiguration;
			buildSettings = {
				BUNDLE_LOADER = "$(TEST_HOST)";
				CODE_SIGN_STYLE = Automatic;
				CURRENT_PROJECT_VERSION = 1;
				GENERATE_INFOPLIST_FILE = YES;
				IPHONEOS_DEPLOYMENT_TARGET = 18.2;
				MARKETING_VERSION = 1.0;
				PRODUCT_BUNDLE_IDENTIFIER = modi.NextDayTaskAppTests;
				PRODUCT_NAME = "$(TARGET_NAME)";
				SWIFT_EMIT_LOC_STRINGS = NO;
				SWIFT_VERSION = 5.0;
				TARGETED_DEVICE_FAMILY = "1,2";
				TEST_HOST = "$(BUILT_PRODUCTS_DIR)/NextDayTaskApp.app/$(BUNDLE_EXECUTABLE_FOLDER_PATH)/NextDayTaskApp";
			};
			name = Release;
		};
		E6513DFB2D9ACB260030218E /* Debug */ = {
			isa = XCBuildConfiguration;
			buildSettings = {
				CODE_SIGN_STYLE = Automatic;
				CURRENT_PROJECT_VERSION = 1;
				GENERATE_INFOPLIST_FILE = YES;
				MARKETING_VERSION = 1.0;
				PRODUCT_BUNDLE_IDENTIFIER = modi.NextDayTaskAppUITests;
				PRODUCT_NAME = "$(TARGET_NAME)";
				SWIFT_EMIT_LOC_STRINGS = NO;
				SWIFT_VERSION = 5.0;
				TARGETED_DEVICE_FAMILY = "1,2";
				TEST_TARGET_NAME = NextDayTaskApp;
			};
			name = Debug;
		};
		E6513DFC2D9ACB260030218E /* Release */ = {
			isa = XCBuildConfiguration;
			buildSettings = {
				CODE_SIGN_STYLE = Automatic;
				CURRENT_PROJECT_VERSION = 1;
				GENERATE_INFOPLIST_FILE = YES;
				MARKETING_VERSION = 1.0;
				PRODUCT_BUNDLE_IDENTIFIER = modi.NextDayTaskAppUITests;
				PRODUCT_NAME = "$(TARGET_NAME)";
				SWIFT_EMIT_LOC_STRINGS = NO;
				SWIFT_VERSION = 5.0;
				TARGETED_DEVICE_FAMILY = "1,2";
				TEST_TARGET_NAME = NextDayTaskApp;
			};
			name = Release;
		};
/* End XCBuildConfiguration section */

/* Begin XCConfigurationList section */
		E6513DC12D9ACB240030218E /* Build configuration list for PBXProject "NextDayTaskApp" */ = {
			isa = XCConfigurationList;
			buildConfigurations = (
				E6513DF52D9ACB260030218E /* Debug */,
				E6513DF62D9ACB260030218E /* Release */,
			);
			defaultConfigurationIsVisible = 0;
			defaultConfigurationName = Release;
		};
		E6513DF22D9ACB260030218E /* Build configuration list for PBXNativeTarget "NextDayTaskApp" */ = {
			isa = XCConfigurationList;
			buildConfigurations = (
				E6513DF32D9ACB260030218E /* Debug */,
				E6513DF42D9ACB260030218E /* Release */,
			);
			defaultConfigurationIsVisible = 0;
			defaultConfigurationName = Release;
		};
		E6513DF72D9ACB260030218E /* Build configuration list for PBXNativeTarget "NextDayTaskAppTests" */ = {
			isa = XCConfigurationList;
			buildConfigurations = (
				E6513DF82D9ACB260030218E /* Debug */,
				E6513DF92D9ACB260030218E /* Release */,
			);
			defaultConfigurationIsVisible = 0;
			defaultConfigurationName = Release;
		};
		E6513DFA2D9ACB260030218E /* Build configuration list for PBXNativeTarget "NextDayTaskAppUITests" */ = {
			isa = XCConfigurationList;
			buildConfigurations = (
				E6513DFB2D9ACB260030218E /* Debug */,
				E6513DFC2D9ACB260030218E /* Release */,
			);
			defaultConfigurationIsVisible = 0;
			defaultConfigurationName = Release;
		};
/* End XCConfigurationList section */
	};
	rootObject = E6513DBE2D9ACB240030218E /* Project object */;
}
